
Microsoft Visual Studio Solution File, Format Version 12.00
# Visual Studio Version 16
VisualStudioVersion = 16.0.31624.102
MinimumVisualStudioVersion = 10.0.40219.1
Project("{FAE04EC0-301F-11D3-BF4B-00C04F79EFBC}") = "NM_PE19", "NM_PE19\NM_PE19.csproj", "{27C797C7-FE7B-4594-AA9E-3E168220E5AD}"
EndProject
Global
	GlobalSection(SolutionConfigurationPlatforms) = preSolution
		Debug|Any CPU = Debug|Any CPU
		Release|Any CPU = Release|Any CPU
	EndGlobalSection
	GlobalSection(ProjectConfigurationPlatforms) = postSolution
		{27C797C7-FE7B-4594-AA9E-3E168220E5AD}.Debug|Any CPU.ActiveCfg = Debug|Any CPU
		{27C797C7-FE7B-4594-AA9E-3E168220E5AD}.Debug|Any CPU.Build.0 = Debug|Any CPU
		{27C797C7-FE7B-4594-AA9E-3E168220E5AD}.Release|Any CPU.ActiveCfg = Release|Any CPU
		{27C797C7-FE7B-4594-AA9E-3E168220E5AD}.Release|Any CPU.Build.0 = Release|Any CPU
	EndGlobalSection
	GlobalSection(SolutionProperties) = preSolution
		HideSolutionNode = FALSE
	EndGlobalSection
	GlobalSection(ExtensibilityGlobals) = postSolution
		SolutionGuid = {302D122E-0FD3-48EB-8AC5-0A7D2016AB76}
	EndGlobalSection
EndGlobal
