
Microsoft Visual Studio Solution File, Format Version 12.00
# Visual Studio Version 16
VisualStudioVersion = 16.0.31515.178
MinimumVisualStudioVersion = 10.0.40219.1
Project("{FAE04EC0-301F-11D3-BF4B-00C04F79EFBC}") = "NM_PE16", "NM_PE16\NM_PE16.csproj", "{8983355C-3B0D-4E60-8793-FD8567536252}"
EndProject
Global
	GlobalSection(SolutionConfigurationPlatforms) = preSolution
		Debug|Any CPU = Debug|Any CPU
		Release|Any CPU = Release|Any CPU
	EndGlobalSection
	GlobalSection(ProjectConfigurationPlatforms) = postSolution
		{8983355C-3B0D-4E60-8793-FD8567536252}.Debug|Any CPU.ActiveCfg = Debug|Any CPU
		{8983355C-3B0D-4E60-8793-FD8567536252}.Debug|Any CPU.Build.0 = Debug|Any CPU
		{8983355C-3B0D-4E60-8793-FD8567536252}.Release|Any CPU.ActiveCfg = Release|Any CPU
		{8983355C-3B0D-4E60-8793-FD8567536252}.Release|Any CPU.Build.0 = Release|Any CPU
	EndGlobalSection
	GlobalSection(SolutionProperties) = preSolution
		HideSolutionNode = FALSE
	EndGlobalSection
	GlobalSection(ExtensibilityGlobals) = postSolution
		SolutionGuid = {738D95F0-E44B-4AC3-BE49-8D0A704E3AA9}
	EndGlobalSection
EndGlobal
